
Microsoft Visual Studio Solution File, Format Version 12.00
# Visual Studio 15
Project("{FAE04EC0-301F-11D3-BF4B-00C04F79EFBC}") = "Assembly-CSharp", "Assembly-CSharp.csproj", "{CCE75168-25F8-AC1B-2557-5DE55E4CFBCF}"
EndProject
Project("{FAE04EC0-301F-11D3-BF4B-00C04F79EFBC}") = "Assembly-CSharp-Editor", "Assembly-CSharp-Editor.csproj", "{CE750463-5DB7-F873-9F1E-A4121B6FE02B}"
EndProject
Global
	GlobalSection(SolutionConfigurationPlatforms) = preSolution
		Debug|Any CPU = Debug|Any CPU
		Release|Any CPU = Release|Any CPU
	EndGlobalSection
	GlobalSection(ProjectConfigurationPlatforms) = postSolution
		{CCE75168-25F8-AC1B-2557-5DE55E4CFBCF}.Debug|Any CPU.ActiveCfg = Debug|Any CPU
		{CCE75168-25F8-AC1B-2557-5DE55E4CFBCF}.Debug|Any CPU.Build.0 = Debug|Any CPU
		{CCE75168-25F8-AC1B-2557-5DE55E4CFBCF}.Release|Any CPU.ActiveCfg = Release|Any CPU
		{CCE75168-25F8-AC1B-2557-5DE55E4CFBCF}.Release|Any CPU.Build.0 = Release|Any CPU
		{CE750463-5DB7-F873-9F1E-A4121B6FE02B}.Debug|Any CPU.ActiveCfg = Debug|Any CPU
		{CE750463-5DB7-F873-9F1E-A4121B6FE02B}.Debug|Any CPU.Build.0 = Debug|Any CPU
		{CE750463-5DB7-F873-9F1E-A4121B6FE02B}.Release|Any CPU.ActiveCfg = Release|Any CPU
		{CE750463-5DB7-F873-9F1E-A4121B6FE02B}.Release|Any CPU.Build.0 = Release|Any CPU
	EndGlobalSection
	GlobalSection(SolutionProperties) = preSolution
		HideSolutionNode = FALSE
	EndGlobalSection
EndGlobal
